// !$*UTF8*$!
{
	archiveVersion = 1;
	classes = {
	};
	objectVersion = 55;
	objects = {

/* Begin PBXBuildFile section */
		2B77CA2C2721EAE200D635C2 /* HourMeterApp.swift in Sources */ = {isa = PBXBuildFile; fileRef = 2B77CA2B2721EAE200D635C2 /* HourMeterApp.swift */; };
		2B77CA2E2721EAE200D635C2 /* ContentView.swift in Sources */ = {isa = PBXBuildFile; fileRef = 2B77CA2D2721EAE200D635C2 /* ContentView.swift */; };
		2B77CA302721EAE300D635C2 /* Assets.xcassets in Resources */ = {isa = PBXBuildFile; fileRef = 2B77CA2F2721EAE300D635C2 /* Assets.xcassets */; };
		2B77CA332721EAE300D635C2 /* Preview Assets.xcassets in Resources */ = {isa = PBXBuildFile; fileRef = 2B77CA322721EAE300D635C2 /* Preview Assets.xcassets */; };
		2B77CA352721EAE300D635C2 /* Persistence.swift in Sources */ = {isa = PBXBuildFile; fileRef = 2B77CA342721EAE300D635C2 /* Persistence.swift */; };
		2B77CA382721EAE300D635C2 /* HourMeter.xcdatamodeld in Sources */ = {isa = PBXBuildFile; fileRef = 2B77CA362721EAE300D635C2 /* HourMeter.xcdatamodeld */; };
/* End PBXBuildFile section */

/* Begin PBXFileReference section */
		2B77CA282721EAE200D635C2 /* HourMeter.app */ = {isa = PBXFileReference; explicitFileType = wrapper.application; includeInIndex = 0; path = HourMeter.app; sourceTree = BUILT_PRODUCTS_DIR; };
		2B77CA2B2721EAE200D635C2 /* HourMeterApp.swift */ = {isa = PBXFileReference; lastKnownFileType = sourcecode.swift; path = HourMeterApp.swift; sourceTree = "<group>"; };
		2B77CA2D2721EAE200D635C2 /* ContentView.swift */ = {isa = PBXFileReference; lastKnownFileType = sourcecode.swift; path = ContentView.swift; sourceTree = "<group>"; };
		2B77CA2F2721EAE300D635C2 /* Assets.xcassets */ = {isa = PBXFileReference; lastKnownFileType = folder.assetcatalog; path = Assets.xcassets; sourceTree = "<group>"; };
		2B77CA322721EAE300D635C2 /* Preview Assets.xcassets */ = {isa = PBXFileReference; lastKnownFileType = folder.assetcatalog; path = "Preview Assets.xcassets"; sourceTree = "<group>"; };
		2B77CA342721EAE300D635C2 /* Persistence.swift */ = {isa = PBXFileReference; lastKnownFileType = sourcecode.swift; path = Persistence.swift; sourceTree = "<group>"; };
		2B77CA372721EAE300D635C2 /* HourMeter.xcdatamodel */ = {isa = PBXFileReference; lastKnownFileType = wrapper.xcdatamodel; path = HourMeter.xcdatamodel; sourceTree = "<group>"; };
		2B77CA392721EAE300D635C2 /* HourMeter.entitlements */ = {isa = PBXFileReference; lastKnownFileType = text.plist.entitlements; path = HourMeter.entitlements; sourceTree = "<group>"; };
/* End PBXFileReference section */

/* Begin PBXFrameworksBuildPhase section */
		2B77CA252721EAE200D635C2 /* Frameworks */ = {
			isa = PBXFrameworksBuildPhase;
			buildActionMask = 2147483647;
			files = (
			);
			runOnlyForDeploymentPostprocessing = 0;
		};
/* End PBXFrameworksBuildPhase section */

/* Begin PBXGroup section */
		2B77CA1F2721EAE200D635C2 = {
			isa = PBXGroup;
			children = (
				2B77CA2A2721EAE200D635C2 /* HourMeter */,
				2B77CA292721EAE200D635C2 /* Products */,
			);
			sourceTree = "<group>";
		};
		2B77CA292721EAE200D635C2 /* Products */ = {
			isa = PBXGroup;
			children = (
				2B77CA282721EAE200D635C2 /* HourMeter.app */,
			);
			name = Products;
			sourceTree = "<group>";
		};
		2B77CA2A2721EAE200D635C2 /* HourMeter */ = {
			isa = PBXGroup;
			children = (
				2B77CA2B2721EAE200D635C2 /* HourMeterApp.swift */,
				2B77CA2D2721EAE200D635C2 /* ContentView.swift */,
				2B77CA2F2721EAE300D635C2 /* Assets.xcassets */,
				2B77CA342721EAE300D635C2 /* Persistence.swift */,
				2B77CA392721EAE300D635C2 /* HourMeter.entitlements */,
				2B77CA362721EAE300D635C2 /* HourMeter.xcdatamodeld */,
				2B77CA312721EAE300D635C2 /* Preview Content */,
			);
			path = HourMeter;
			sourceTree = "<group>";
		};
		2B77CA312721EAE300D635C2 /* Preview Content */ = {
			isa = PBXGroup;
			children = (
				2B77CA322721EAE300D635C2 /* Preview Assets.xcassets */,
			);
			path = "Preview Content";
			sourceTree = "<group>";
		};
/* End PBXGroup section */

/* Begin PBXNativeTarget section */
		2B77CA272721EAE200D635C2 /* HourMeter */ = {
			isa = PBXNativeTarget;
			buildConfigurationList = 2B77CA3C2721EAE300D635C2 /* Build configuration list for PBXNativeTarget "HourMeter" */;
			buildPhases = (
				2B77CA242721EAE200D635C2 /* Sources */,
				2B77CA252721EAE200D635C2 /* Frameworks */,
				2B77CA262721EAE200D635C2 /* Resources */,
			);
			buildRules = (
			);
			dependencies = (
			);
			name = HourMeter;
			productName = HourMeter;
			productReference = 2B77CA282721EAE200D635C2 /* HourMeter.app */;
			productType = "com.apple.product-type.application";
		};
/* End PBXNativeTarget section */

/* Begin PBXProject section */
		2B77CA202721EAE200D635C2 /* Project object */ = {
			isa = PBXProject;
			attributes = {
				BuildIndependentTargetsInParallel = 1;
				LastSwiftUpdateCheck = 1310;
				LastUpgradeCheck = 1310;
				TargetAttributes = {
					2B77CA272721EAE200D635C2 = {
						CreatedOnToolsVersion = 13.1;
					};
				};
			};
			buildConfigurationList = 2B77CA232721EAE200D635C2 /* Build configuration list for PBXProject "HourMeter" */;
			compatibilityVersion = "Xcode 13.0";
			developmentRegion = en;
			hasScannedForEncodings = 0;
			knownRegions = (
				en,
				Base,
			);
			mainGroup = 2B77CA1F2721EAE200D635C2;
			productRefGroup = 2B77CA292721EAE200D635C2 /* Products */;
			projectDirPath = "";
			projectRoot = "";
			targets = (
				2B77CA272721EAE200D635C2 /* HourMeter */,
			);
		};
/* End PBXProject section */

/* Begin PBXResourcesBuildPhase section */
		2B77CA262721EAE200D635C2 /* Resources */ = {
			isa = PBXResourcesBuildPhase;
			buildActionMask = 2147483647;
			files = (
				2B77CA332721EAE300D635C2 /* Preview Assets.xcassets in Resources */,
				2B77CA302721EAE300D635C2 /* Assets.xcassets in Resources */,
			);
			runOnlyForDeploymentPostprocessing = 0;
		};
/* End PBXResourcesBuildPhase section */

/* Begin PBXSourcesBuildPhase section */
		2B77CA242721EAE200D635C2 /* Sources */ = {
			isa = PBXSourcesBuildPhase;
			buildActionMask = 2147483647;
			files = (
				2B77CA352721EAE300D635C2 /* Persistence.swift in Sources */,
				2B77CA382721EAE300D635C2 /* HourMeter.xcdatamodeld in Sources */,
				2B77CA2E2721EAE200D635C2 /* ContentView.swift in Sources */,
				2B77CA2C2721EAE200D635C2 /* HourMeterApp.swift in Sources */,
			);
			runOnlyForDeploymentPostprocessing = 0;
		};
/* End PBXSourcesBuildPhase section */

/* Begin XCBuildConfiguration section */
		2B77CA3A2721EAE300D635C2 /* Debug */ = {
			isa = XCBuildConfiguration;
			buildSettings = {
				ALWAYS_SEARCH_USER_PATHS = NO;
				CLANG_ANALYZER_NONNULL = YES;
				CLANG_ANALYZER_NUMBER_OBJECT_CONVERSION = YES_AGGRESSIVE;
				CLANG_CXX_LANGUAGE_STANDARD = "gnu++17";
				CLANG_CXX_LIBRARY = "libc++";
				CLANG_ENABLE_MODULES = YES;
				CLANG_ENABLE_OBJC_ARC = YES;
				CLANG_ENABLE_OBJC_WEAK = YES;
				CLANG_WARN_BLOCK_CAPTURE_AUTORELEASING = YES;
				CLANG_WARN_BOOL_CONVERSION = YES;
				CLANG_WARN_COMMA = YES;
				CLANG_WARN_CONSTANT_CONVERSION = YES;
				CLANG_WARN_DEPRECATED_OBJC_IMPLEMENTATIONS = YES;
				CLANG_WARN_DIRECT_OBJC_ISA_USAGE = YES_ERROR;
				CLANG_WARN_DOCUMENTATION_COMMENTS = YES;
				CLANG_WARN_EMPTY_BODY = YES;
				CLANG_WARN_ENUM_CONVERSION = YES;
				CLANG_WARN_INFINITE_RECURSION = YES;
				CLANG_WARN_INT_CONVERSION = YES;
				CLANG_WARN_NON_LITERAL_NULL_CONVERSION = YES;
				CLANG_WARN_OBJC_IMPLICIT_RETAIN_SELF = YES;
				CLANG_WARN_OBJC_LITERAL_CONVERSION = YES;
				CLANG_WARN_OBJC_ROOT_CLASS = YES_ERROR;
				CLANG_WARN_QUOTED_INCLUDE_IN_FRAMEWORK_HEADER = YES;
				CLANG_WARN_RANGE_LOOP_ANALYSIS = YES;
				CLANG_WARN_STRICT_PROTOTYPES = YES;
				CLANG_WARN_SUSPICIOUS_MOVE = YES;
				CLANG_WARN_UNGUARDED_AVAILABILITY = YES_AGGRESSIVE;
				CLANG_WARN_UNREACHABLE_CODE = YES;
				CLANG_WARN__DUPLICATE_METHOD_MATCH = YES;
				COPY_PHASE_STRIP = NO;
				DEBUG_INFORMATION_FORMAT = dwarf;
				ENABLE_STRICT_OBJC_MSGSEND = YES;
				ENABLE_TESTABILITY = YES;
				GCC_C_LANGUAGE_STANDARD = gnu11;
				GCC_DYNAMIC_NO_PIC = NO;
				GCC_NO_COMMON_BLOCKS = YES;
				GCC_OPTIMIZATION_LEVEL = 0;
				GCC_PREPROCESSOR_DEFINITIONS = (
					"DEBUG=1",
					"$(inherited)",
				);
				GCC_WARN_64_TO_32_BIT_CONVERSION = YES;
				GCC_WARN_ABOUT_RETURN_TYPE = YES_ERROR;
				GCC_WARN_UNDECLARED_SELECTOR = YES;
				GCC_WARN_UNINITIALIZED_AUTOS = YES_AGGRESSIVE;
				GCC_WARN_UNUSED_FUNCTION = YES;
				GCC_WARN_UNUSED_VARIABLE = YES;
				MACOSX_DEPLOYMENT_TARGET = 12.0;
				MTL_ENABLE_DEBUG_INFO = INCLUDE_SOURCE;
				MTL_FAST_MATH = YES;
				ONLY_ACTIVE_ARCH = YES;
				SDKROOT = macosx;
				SWIFT_ACTIVE_COMPILATION_CONDITIONS = DEBUG;
				SWIFT_OPTIMIZATION_LEVEL = "-Onone";
			};
			name = Debug;
		};
		2B77CA3B2721EAE300D635C2 /* Release */ = {
			isa = XCBuildConfiguration;
			buildSettings = {
				ALWAYS_SEARCH_USER_PATHS = NO;
				CLANG_ANALYZER_NONNULL = YES;
				CLANG_ANALYZER_NUMBER_OBJECT_CONVERSION = YES_AGGRESSIVE;
				CLANG_CXX_LANGUAGE_STANDARD = "gnu++17";
				CLANG_CXX_LIBRARY = "libc++";
				CLANG_ENABLE_MODULES = YES;
				CLANG_ENABLE_OBJC_ARC = YES;
				CLANG_ENABLE_OBJC_WEAK = YES;
				CLANG_WARN_BLOCK_CAPTURE_AUTORELEASING = YES;
				CLANG_WARN_BOOL_CONVERSION = YES;
				CLANG_WARN_COMMA = YES;
				CLANG_WARN_CONSTANT_CONVERSION = YES;
				CLANG_WARN_DEPRECATED_OBJC_IMPLEMENTATIONS = YES;
				CLANG_WARN_DIRECT_OBJC_ISA_USAGE = YES_ERROR;
				CLANG_WARN_DOCUMENTATION_COMMENTS = YES;
				CLANG_WARN_EMPTY_BODY = YES;
				CLANG_WARN_ENUM_CONVERSION = YES;
				CLANG_WARN_INFINITE_RECURSION = YES;
				CLANG_WARN_INT_CONVERSION = YES;
				CLANG_WARN_NON_LITERAL_NULL_CONVERSION = YES;
				CLANG_WARN_OBJC_IMPLICIT_RETAIN_SELF = YES;
				CLANG_WARN_OBJC_LITERAL_CONVERSION = YES;
				CLANG_WARN_OBJC_ROOT_CLASS = YES_ERROR;
				CLANG_WARN_QUOTED_INCLUDE_IN_FRAMEWORK_HEADER = YES;
				CLANG_WARN_RANGE_LOOP_ANALYSIS = YES;
				CLANG_WARN_STRICT_PROTOTYPES = YES;
				CLANG_WARN_SUSPICIOUS_MOVE = YES;
				CLANG_WARN_UNGUARDED_AVAILABILITY = YES_AGGRESSIVE;
				CLANG_WARN_UNREACHABLE_CODE = YES;
				CLANG_WARN__DUPLICATE_METHOD_MATCH = YES;
				COPY_PHASE_STRIP = NO;
				DEBUG_INFORMATION_FORMAT = "dwarf-with-dsym";
				ENABLE_NS_ASSERTIONS = NO;
				ENABLE_STRICT_OBJC_MSGSEND = YES;
				GCC_C_LANGUAGE_STANDARD = gnu11;
				GCC_NO_COMMON_BLOCKS = YES;
				GCC_WARN_64_TO_32_BIT_CONVERSION = YES;
				GCC_WARN_ABOUT_RETURN_TYPE = YES_ERROR;
				GCC_WARN_UNDECLARED_SELECTOR = YES;
				GCC_WARN_UNINITIALIZED_AUTOS = YES_AGGRESSIVE;
				GCC_WARN_UNUSED_FUNCTION = YES;
				GCC_WARN_UNUSED_VARIABLE = YES;
				MACOSX_DEPLOYMENT_TARGET = 12.0;
				MTL_ENABLE_DEBUG_INFO = NO;
				MTL_FAST_MATH = YES;
				SDKROOT = macosx;
				SWIFT_COMPILATION_MODE = wholemodule;
				SWIFT_OPTIMIZATION_LEVEL = "-O";
			};
			name = Release;
		};
		2B77CA3D2721EAE300D635C2 /* Debug */ = {
			isa = XCBuildConfiguration;
			buildSettings = {
				ASSETCATALOG_COMPILER_APPICON_NAME = AppIcon;
				ASSETCATALOG_COMPILER_GLOBAL_ACCENT_COLOR_NAME = AccentColor;
				CODE_SIGN_ENTITLEMENTS = HourMeter/HourMeter.entitlements;
				CODE_SIGN_STYLE = Automatic;
				COMBINE_HIDPI_IMAGES = YES;
				CURRENT_PROJECT_VERSION = 1;
				DEVELOPMENT_ASSET_PATHS = "\"HourMeter/Preview Content\"";
				DEVELOPMENT_TEAM = FL4V655A94;
				ENABLE_HARDENED_RUNTIME = YES;
				ENABLE_PREVIEWS = YES;
				GENERATE_INFOPLIST_FILE = YES;
				INFOPLIST_KEY_NSHumanReadableCopyright = "";
				LD_RUNPATH_SEARCH_PATHS = (
					"$(inherited)",
					"@executable_path/../Frameworks",
				);
				MARKETING_VERSION = 1.0;
				PRODUCT_BUNDLE_IDENTIFIER = org.breakthesystem.HourMeter;
				PRODUCT_NAME = "$(TARGET_NAME)";
				SWIFT_EMIT_LOC_STRINGS = YES;
				SWIFT_VERSION = 5.0;
			};
			name = Debug;
		};
		2B77CA3E2721EAE300D635C2 /* Release */ = {
			isa = XCBuildConfiguration;
			buildSettings = {
				ASSETCATALOG_COMPILER_APPICON_NAME = AppIcon;
				ASSETCATALOG_COMPILER_GLOBAL_ACCENT_COLOR_NAME = AccentColor;
				CODE_SIGN_ENTITLEMENTS = HourMeter/HourMeter.entitlements;
				CODE_SIGN_STYLE = Automatic;
				COMBINE_HIDPI_IMAGES = YES;
				CURRENT_PROJECT_VERSION = 1;
				DEVELOPMENT_ASSET_PATHS = "\"HourMeter/Preview Content\"";
				DEVELOPMENT_TEAM = FL4V655A94;
				ENABLE_HARDENED_RUNTIME = YES;
				ENABLE_PREVIEWS = YES;
				GENERATE_INFOPLIST_FILE = YES;
				INFOPLIST_KEY_NSHumanReadableCopyright = "";
				LD_RUNPATH_SEARCH_PATHS = (
					"$(inherited)",
					"@executable_path/../Frameworks",
				);
				MARKETING_VERSION = 1.0;
				PRODUCT_BUNDLE_IDENTIFIER = org.breakthesystem.HourMeter;
				PRODUCT_NAME = "$(TARGET_NAME)";
				SWIFT_EMIT_LOC_STRINGS = YES;
				SWIFT_VERSION = 5.0;
			};
			name = Release;
		};
/* End XCBuildConfiguration section */

/* Begin XCConfigurationList section */
		2B77CA232721EAE200D635C2 /* Build configuration list for PBXProject "HourMeter" */ = {
			isa = XCConfigurationList;
			buildConfigurations = (
				2B77CA3A2721EAE300D635C2 /* Debug */,
				2B77CA3B2721EAE300D635C2 /* Release */,
			);
			defaultConfigurationIsVisible = 0;
			defaultConfigurationName = Release;
		};
		2B77CA3C2721EAE300D635C2 /* Build configuration list for PBXNativeTarget "HourMeter" */ = {
			isa = XCConfigurationList;
			buildConfigurations = (
				2B77CA3D2721EAE300D635C2 /* Debug */,
				2B77CA3E2721EAE300D635C2 /* Release */,
			);
			defaultConfigurationIsVisible = 0;
			defaultConfigurationName = Release;
		};
/* End XCConfigurationList section */

/* Begin XCVersionGroup section */
		2B77CA362721EAE300D635C2 /* HourMeter.xcdatamodeld */ = {
			isa = XCVersionGroup;
			children = (
				2B77CA372721EAE300D635C2 /* HourMeter.xcdatamodel */,
			);
			currentVersion = 2B77CA372721EAE300D635C2 /* HourMeter.xcdatamodel */;
			path = HourMeter.xcdatamodeld;
			sourceTree = "<group>";
			versionGroupType = wrapper.xcdatamodel;
		};
/* End XCVersionGroup section */
	};
	rootObject = 2B77CA202721EAE200D635C2 /* Project object */;
}
