// !$*UTF8*$!
{
	archiveVersion = 1;
	classes = {
	};
	objectVersion = 55;
	objects = {

/* Begin PBXBuildFile section */
		2B122C12272743EB00BB2C36 /* Localizable.strings in Resources */ = {isa = PBXBuildFile; fileRef = 2B122C15272743EB00BB2C36 /* Localizable.strings */; };
		2B122C13272743EB00BB2C36 /* Localizable.strings in Resources */ = {isa = PBXBuildFile; fileRef = 2B122C15272743EB00BB2C36 /* Localizable.strings */; };
		2B4A84CA2723642100305F20 /* HourMeteriPadApp.swift in Sources */ = {isa = PBXBuildFile; fileRef = 2B4A84C92723642100305F20 /* HourMeteriPadApp.swift */; };
		2B4A84CE2723642100305F20 /* Assets.xcassets in Resources */ = {isa = PBXBuildFile; fileRef = 2B4A84CD2723642100305F20 /* Assets.xcassets */; };
		2B4A84DA2723647900305F20 /* HourMeter.xcdatamodeld in Sources */ = {isa = PBXBuildFile; fileRef = 2B77CA362721EAE300D635C2 /* HourMeter.xcdatamodeld */; };
		2B4A84DB2723647C00305F20 /* Person+CoreDataProperties.swift in Sources */ = {isa = PBXBuildFile; fileRef = 2B77CA492721F43F00D635C2 /* Person+CoreDataProperties.swift */; };
		2B4A84DC2723647C00305F20 /* HourEntry+CoreDataClass.swift in Sources */ = {isa = PBXBuildFile; fileRef = 2B77CA4A2721F43F00D635C2 /* HourEntry+CoreDataClass.swift */; };
		2B4A84DD2723647C00305F20 /* Person+CoreDataClass.swift in Sources */ = {isa = PBXBuildFile; fileRef = 2B77CA482721F43F00D635C2 /* Person+CoreDataClass.swift */; };
		2B4A84DE2723647C00305F20 /* Persistence.swift in Sources */ = {isa = PBXBuildFile; fileRef = 2B77CA342721EAE300D635C2 /* Persistence.swift */; };
		2B4A84DF2723647C00305F20 /* HourEntry+CoreDataProperties.swift in Sources */ = {isa = PBXBuildFile; fileRef = 2B77CA4B2721F43F00D635C2 /* HourEntry+CoreDataProperties.swift */; };
		2B4A84E02723648100305F20 /* DateExtensions.swift in Sources */ = {isa = PBXBuildFile; fileRef = 2B77CA3F2721EC4500D635C2 /* DateExtensions.swift */; };
		2B4A84E12723648100305F20 /* ContentView.swift in Sources */ = {isa = PBXBuildFile; fileRef = 2B77CA2D2721EAE200D635C2 /* ContentView.swift */; };
		2B4A84E22723648400305F20 /* PersonEditor.swift in Sources */ = {isa = PBXBuildFile; fileRef = 2B77CA56272203F600D635C2 /* PersonEditor.swift */; };
		2B4A84E32723648400305F20 /* PersonOverview.swift in Sources */ = {isa = PBXBuildFile; fileRef = 2B77CA54272201A700D635C2 /* PersonOverview.swift */; };
		2B4A84E42723648400305F20 /* PersonHourEntries.swift in Sources */ = {isa = PBXBuildFile; fileRef = 2B77CA452721EF1300D635C2 /* PersonHourEntries.swift */; };
		2B4A84E52723648400305F20 /* PersonMetaInfo.swift in Sources */ = {isa = PBXBuildFile; fileRef = 2B77CA522721FBAA00D635C2 /* PersonMetaInfo.swift */; };
		2B4A84E62723648400305F20 /* PersonList.swift in Sources */ = {isa = PBXBuildFile; fileRef = 2B77CA432721ED3400D635C2 /* PersonList.swift */; };
		2B4A84E72723648400305F20 /* HourEntryEditor.swift in Sources */ = {isa = PBXBuildFile; fileRef = 2B77CA5827220B0800D635C2 /* HourEntryEditor.swift */; };
		2B4A84E92723717B00305F20 /* PersonListEntry.swift in Sources */ = {isa = PBXBuildFile; fileRef = 2B4A84E82723717B00305F20 /* PersonListEntry.swift */; };
		2B4A84EA2723717B00305F20 /* PersonListEntry.swift in Sources */ = {isa = PBXBuildFile; fileRef = 2B4A84E82723717B00305F20 /* PersonListEntry.swift */; };
		2B6A474C27273D960045B765 /* TimeIntervalEditField.swift in Sources */ = {isa = PBXBuildFile; fileRef = 2B6A474B27273D960045B765 /* TimeIntervalEditField.swift */; };
		2B6A474D27273D960045B765 /* TimeIntervalEditField.swift in Sources */ = {isa = PBXBuildFile; fileRef = 2B6A474B27273D960045B765 /* TimeIntervalEditField.swift */; };
		2B6A474F27273EFA0045B765 /* TimeIntervalFormatter.swift in Sources */ = {isa = PBXBuildFile; fileRef = 2B6A474E27273EFA0045B765 /* TimeIntervalFormatter.swift */; };
		2B6A475027273EFA0045B765 /* TimeIntervalFormatter.swift in Sources */ = {isa = PBXBuildFile; fileRef = 2B6A474E27273EFA0045B765 /* TimeIntervalFormatter.swift */; };
		2B77CA2C2721EAE200D635C2 /* HourMeterApp.swift in Sources */ = {isa = PBXBuildFile; fileRef = 2B77CA2B2721EAE200D635C2 /* HourMeterApp.swift */; };
		2B77CA2E2721EAE200D635C2 /* ContentView.swift in Sources */ = {isa = PBXBuildFile; fileRef = 2B77CA2D2721EAE200D635C2 /* ContentView.swift */; };
		2B77CA302721EAE300D635C2 /* Assets.xcassets in Resources */ = {isa = PBXBuildFile; fileRef = 2B77CA2F2721EAE300D635C2 /* Assets.xcassets */; };
		2B77CA332721EAE300D635C2 /* Preview Assets.xcassets in Resources */ = {isa = PBXBuildFile; fileRef = 2B77CA322721EAE300D635C2 /* Preview Assets.xcassets */; };
		2B77CA352721EAE300D635C2 /* Persistence.swift in Sources */ = {isa = PBXBuildFile; fileRef = 2B77CA342721EAE300D635C2 /* Persistence.swift */; };
		2B77CA382721EAE300D635C2 /* HourMeter.xcdatamodeld in Sources */ = {isa = PBXBuildFile; fileRef = 2B77CA362721EAE300D635C2 /* HourMeter.xcdatamodeld */; };
		2B77CA402721EC4500D635C2 /* DateExtensions.swift in Sources */ = {isa = PBXBuildFile; fileRef = 2B77CA3F2721EC4500D635C2 /* DateExtensions.swift */; };
		2B77CA442721ED3400D635C2 /* PersonList.swift in Sources */ = {isa = PBXBuildFile; fileRef = 2B77CA432721ED3400D635C2 /* PersonList.swift */; };
		2B77CA462721EF1300D635C2 /* PersonHourEntries.swift in Sources */ = {isa = PBXBuildFile; fileRef = 2B77CA452721EF1300D635C2 /* PersonHourEntries.swift */; };
		2B77CA4C2721F43F00D635C2 /* Person+CoreDataClass.swift in Sources */ = {isa = PBXBuildFile; fileRef = 2B77CA482721F43F00D635C2 /* Person+CoreDataClass.swift */; };
		2B77CA4D2721F43F00D635C2 /* Person+CoreDataProperties.swift in Sources */ = {isa = PBXBuildFile; fileRef = 2B77CA492721F43F00D635C2 /* Person+CoreDataProperties.swift */; };
		2B77CA4E2721F43F00D635C2 /* HourEntry+CoreDataClass.swift in Sources */ = {isa = PBXBuildFile; fileRef = 2B77CA4A2721F43F00D635C2 /* HourEntry+CoreDataClass.swift */; };
		2B77CA4F2721F43F00D635C2 /* HourEntry+CoreDataProperties.swift in Sources */ = {isa = PBXBuildFile; fileRef = 2B77CA4B2721F43F00D635C2 /* HourEntry+CoreDataProperties.swift */; };
		2B77CA532721FBAA00D635C2 /* PersonMetaInfo.swift in Sources */ = {isa = PBXBuildFile; fileRef = 2B77CA522721FBAA00D635C2 /* PersonMetaInfo.swift */; };
		2B77CA55272201A700D635C2 /* PersonOverview.swift in Sources */ = {isa = PBXBuildFile; fileRef = 2B77CA54272201A700D635C2 /* PersonOverview.swift */; };
		2B77CA57272203F600D635C2 /* PersonEditor.swift in Sources */ = {isa = PBXBuildFile; fileRef = 2B77CA56272203F600D635C2 /* PersonEditor.swift */; };
		2B77CA5927220B0800D635C2 /* HourEntryEditor.swift in Sources */ = {isa = PBXBuildFile; fileRef = 2B77CA5827220B0800D635C2 /* HourEntryEditor.swift */; };
/* End PBXBuildFile section */

/* Begin PBXFileReference section */
		2B122C14272743EB00BB2C36 /* en */ = {isa = PBXFileReference; lastKnownFileType = text.plist.strings; name = en; path = en.lproj/Localizable.strings; sourceTree = "<group>"; };
		2B122C16272743F200BB2C36 /* de */ = {isa = PBXFileReference; lastKnownFileType = text.plist.strings; name = de; path = de.lproj/Localizable.strings; sourceTree = "<group>"; };
		2B122C17272747CF00BB2C36 /* WHOAiPad-Info.plist */ = {isa = PBXFileReference; lastKnownFileType = text.plist; path = "WHOAiPad-Info.plist"; sourceTree = "<group>"; };
		2B4A84C72723642100305F20 /* WHOA.app */ = {isa = PBXFileReference; explicitFileType = wrapper.application; includeInIndex = 0; path = WHOA.app; sourceTree = BUILT_PRODUCTS_DIR; };
		2B4A84C92723642100305F20 /* HourMeteriPadApp.swift */ = {isa = PBXFileReference; lastKnownFileType = sourcecode.swift; path = HourMeteriPadApp.swift; sourceTree = "<group>"; };
		2B4A84CD2723642100305F20 /* Assets.xcassets */ = {isa = PBXFileReference; lastKnownFileType = folder.assetcatalog; path = Assets.xcassets; sourceTree = "<group>"; };
		2B4A84E82723717B00305F20 /* PersonListEntry.swift */ = {isa = PBXFileReference; lastKnownFileType = sourcecode.swift; path = PersonListEntry.swift; sourceTree = "<group>"; };
		2B6A474B27273D960045B765 /* TimeIntervalEditField.swift */ = {isa = PBXFileReference; lastKnownFileType = sourcecode.swift; path = TimeIntervalEditField.swift; sourceTree = "<group>"; };
		2B6A474E27273EFA0045B765 /* TimeIntervalFormatter.swift */ = {isa = PBXFileReference; lastKnownFileType = sourcecode.swift; path = TimeIntervalFormatter.swift; sourceTree = "<group>"; };
		2B77CA282721EAE200D635C2 /* WHOA.app */ = {isa = PBXFileReference; explicitFileType = wrapper.application; includeInIndex = 0; path = WHOA.app; sourceTree = BUILT_PRODUCTS_DIR; };
		2B77CA2B2721EAE200D635C2 /* HourMeterApp.swift */ = {isa = PBXFileReference; lastKnownFileType = sourcecode.swift; path = HourMeterApp.swift; sourceTree = "<group>"; };
		2B77CA2D2721EAE200D635C2 /* ContentView.swift */ = {isa = PBXFileReference; lastKnownFileType = sourcecode.swift; path = ContentView.swift; sourceTree = "<group>"; };
		2B77CA2F2721EAE300D635C2 /* Assets.xcassets */ = {isa = PBXFileReference; lastKnownFileType = folder.assetcatalog; path = Assets.xcassets; sourceTree = "<group>"; };
		2B77CA322721EAE300D635C2 /* Preview Assets.xcassets */ = {isa = PBXFileReference; lastKnownFileType = folder.assetcatalog; path = "Preview Assets.xcassets"; sourceTree = "<group>"; };
		2B77CA342721EAE300D635C2 /* Persistence.swift */ = {isa = PBXFileReference; lastKnownFileType = sourcecode.swift; path = Persistence.swift; sourceTree = "<group>"; };
		2B77CA372721EAE300D635C2 /* HourMeter.xcdatamodel */ = {isa = PBXFileReference; lastKnownFileType = wrapper.xcdatamodel; path = HourMeter.xcdatamodel; sourceTree = "<group>"; };
		2B77CA392721EAE300D635C2 /* HourMeter.entitlements */ = {isa = PBXFileReference; lastKnownFileType = text.plist.entitlements; path = HourMeter.entitlements; sourceTree = "<group>"; };
		2B77CA3F2721EC4500D635C2 /* DateExtensions.swift */ = {isa = PBXFileReference; lastKnownFileType = sourcecode.swift; path = DateExtensions.swift; sourceTree = "<group>"; };
		2B77CA432721ED3400D635C2 /* PersonList.swift */ = {isa = PBXFileReference; lastKnownFileType = sourcecode.swift; path = PersonList.swift; sourceTree = "<group>"; };
		2B77CA452721EF1300D635C2 /* PersonHourEntries.swift */ = {isa = PBXFileReference; lastKnownFileType = sourcecode.swift; path = PersonHourEntries.swift; sourceTree = "<group>"; };
		2B77CA482721F43F00D635C2 /* Person+CoreDataClass.swift */ = {isa = PBXFileReference; lastKnownFileType = sourcecode.swift; path = "Person+CoreDataClass.swift"; sourceTree = "<group>"; };
		2B77CA492721F43F00D635C2 /* Person+CoreDataProperties.swift */ = {isa = PBXFileReference; lastKnownFileType = sourcecode.swift; path = "Person+CoreDataProperties.swift"; sourceTree = "<group>"; };
		2B77CA4A2721F43F00D635C2 /* HourEntry+CoreDataClass.swift */ = {isa = PBXFileReference; lastKnownFileType = sourcecode.swift; path = "HourEntry+CoreDataClass.swift"; sourceTree = "<group>"; };
		2B77CA4B2721F43F00D635C2 /* HourEntry+CoreDataProperties.swift */ = {isa = PBXFileReference; lastKnownFileType = sourcecode.swift; path = "HourEntry+CoreDataProperties.swift"; sourceTree = "<group>"; };
		2B77CA522721FBAA00D635C2 /* PersonMetaInfo.swift */ = {isa = PBXFileReference; lastKnownFileType = sourcecode.swift; path = PersonMetaInfo.swift; sourceTree = "<group>"; };
		2B77CA54272201A700D635C2 /* PersonOverview.swift */ = {isa = PBXFileReference; lastKnownFileType = sourcecode.swift; path = PersonOverview.swift; sourceTree = "<group>"; };
		2B77CA56272203F600D635C2 /* PersonEditor.swift */ = {isa = PBXFileReference; lastKnownFileType = sourcecode.swift; path = PersonEditor.swift; sourceTree = "<group>"; };
		2B77CA5827220B0800D635C2 /* HourEntryEditor.swift */ = {isa = PBXFileReference; lastKnownFileType = sourcecode.swift; path = HourEntryEditor.swift; sourceTree = "<group>"; };
/* End PBXFileReference section */

/* Begin PBXFrameworksBuildPhase section */
		2B4A84C42723642100305F20 /* Frameworks */ = {
			isa = PBXFrameworksBuildPhase;
			buildActionMask = 2147483647;
			files = (
			);
			runOnlyForDeploymentPostprocessing = 0;
		};
		2B77CA252721EAE200D635C2 /* Frameworks */ = {
			isa = PBXFrameworksBuildPhase;
			buildActionMask = 2147483647;
			files = (
			);
			runOnlyForDeploymentPostprocessing = 0;
		};
/* End PBXFrameworksBuildPhase section */

/* Begin PBXGroup section */
		2B4A84C82723642100305F20 /* HourMeteriPad */ = {
			isa = PBXGroup;
			children = (
				2B4A84C92723642100305F20 /* HourMeteriPadApp.swift */,
				2B4A84CD2723642100305F20 /* Assets.xcassets */,
			);
			path = HourMeteriPad;
			sourceTree = "<group>";
		};
		2B77CA1F2721EAE200D635C2 = {
			isa = PBXGroup;
			children = (
				2B122C17272747CF00BB2C36 /* WHOAiPad-Info.plist */,
				2B77CA2A2721EAE200D635C2 /* WHOA */,
				2B4A84C82723642100305F20 /* HourMeteriPad */,
				2B77CA292721EAE200D635C2 /* Products */,
			);
			sourceTree = "<group>";
		};
		2B77CA292721EAE200D635C2 /* Products */ = {
			isa = PBXGroup;
			children = (
				2B77CA282721EAE200D635C2 /* WHOA.app */,
				2B4A84C72723642100305F20 /* WHOA.app */,
			);
			name = Products;
			sourceTree = "<group>";
		};
		2B77CA2A2721EAE200D635C2 /* WHOA */ = {
			isa = PBXGroup;
			children = (
				2B77CA392721EAE300D635C2 /* HourMeter.entitlements */,
				2B77CA512721F6C500D635C2 /* Supporting Files */,
				2B77CA502721F53600D635C2 /* Core Data Models */,
				2B77CA2D2721EAE200D635C2 /* ContentView.swift */,
				2B77CA3F2721EC4500D635C2 /* DateExtensions.swift */,
				2B77CA2B2721EAE200D635C2 /* HourMeterApp.swift */,
				2B77CA472721EF1D00D635C2 /* Person */,
				2B77CA312721EAE300D635C2 /* Preview Content */,
				2B6A474E27273EFA0045B765 /* TimeIntervalFormatter.swift */,
				2B122C15272743EB00BB2C36 /* Localizable.strings */,
			);
			path = WHOA;
			sourceTree = "<group>";
		};
		2B77CA312721EAE300D635C2 /* Preview Content */ = {
			isa = PBXGroup;
			children = (
				2B77CA322721EAE300D635C2 /* Preview Assets.xcassets */,
			);
			path = "Preview Content";
			sourceTree = "<group>";
		};
		2B77CA472721EF1D00D635C2 /* Person */ = {
			isa = PBXGroup;
			children = (
				2B77CA432721ED3400D635C2 /* PersonList.swift */,
				2B4A84E82723717B00305F20 /* PersonListEntry.swift */,
				2B77CA54272201A700D635C2 /* PersonOverview.swift */,
				2B77CA452721EF1300D635C2 /* PersonHourEntries.swift */,
				2B77CA522721FBAA00D635C2 /* PersonMetaInfo.swift */,
				2B77CA56272203F600D635C2 /* PersonEditor.swift */,
				2B77CA5827220B0800D635C2 /* HourEntryEditor.swift */,
				2B6A474B27273D960045B765 /* TimeIntervalEditField.swift */,
			);
			path = Person;
			sourceTree = "<group>";
		};
		2B77CA502721F53600D635C2 /* Core Data Models */ = {
			isa = PBXGroup;
			children = (
				2B77CA362721EAE300D635C2 /* HourMeter.xcdatamodeld */,
				2B77CA342721EAE300D635C2 /* Persistence.swift */,
				2B77CA482721F43F00D635C2 /* Person+CoreDataClass.swift */,
				2B77CA492721F43F00D635C2 /* Person+CoreDataProperties.swift */,
				2B77CA4A2721F43F00D635C2 /* HourEntry+CoreDataClass.swift */,
				2B77CA4B2721F43F00D635C2 /* HourEntry+CoreDataProperties.swift */,
			);
			path = "Core Data Models";
			sourceTree = "<group>";
		};
		2B77CA512721F6C500D635C2 /* Supporting Files */ = {
			isa = PBXGroup;
			children = (
				2B77CA2F2721EAE300D635C2 /* Assets.xcassets */,
			);
			path = "Supporting Files";
			sourceTree = "<group>";
		};
/* End PBXGroup section */

/* Begin PBXNativeTarget section */
		2B4A84C62723642100305F20 /* WHOAiPad */ = {
			isa = PBXNativeTarget;
			buildConfigurationList = 2B4A84D92723642100305F20 /* Build configuration list for PBXNativeTarget "WHOAiPad" */;
			buildPhases = (
				2B4A84C32723642100305F20 /* Sources */,
				2B4A84C42723642100305F20 /* Frameworks */,
				2B4A84C52723642100305F20 /* Resources */,
			);
			buildRules = (
			);
			dependencies = (
			);
			name = WHOAiPad;
			productName = HourMeteriPad;
			productReference = 2B4A84C72723642100305F20 /* WHOA.app */;
			productType = "com.apple.product-type.application";
		};
		2B77CA272721EAE200D635C2 /* WHOA */ = {
			isa = PBXNativeTarget;
			buildConfigurationList = 2B77CA3C2721EAE300D635C2 /* Build configuration list for PBXNativeTarget "WHOA" */;
			buildPhases = (
				2B77CA242721EAE200D635C2 /* Sources */,
				2B77CA252721EAE200D635C2 /* Frameworks */,
				2B77CA262721EAE200D635C2 /* Resources */,
			);
			buildRules = (
			);
			dependencies = (
			);
			name = WHOA;
			productName = HourMeter;
			productReference = 2B77CA282721EAE200D635C2 /* WHOA.app */;
			productType = "com.apple.product-type.application";
		};
/* End PBXNativeTarget section */

/* Begin PBXProject section */
		2B77CA202721EAE200D635C2 /* Project object */ = {
			isa = PBXProject;
			attributes = {
				BuildIndependentTargetsInParallel = 1;
				LastSwiftUpdateCheck = 1310;
				LastUpgradeCheck = 1310;
				TargetAttributes = {
					2B4A84C62723642100305F20 = {
						CreatedOnToolsVersion = 13.1;
					};
					2B77CA272721EAE200D635C2 = {
						CreatedOnToolsVersion = 13.1;
					};
				};
			};
			buildConfigurationList = 2B77CA232721EAE200D635C2 /* Build configuration list for PBXProject "WHOA" */;
			compatibilityVersion = "Xcode 13.0";
			developmentRegion = en;
			hasScannedForEncodings = 0;
			knownRegions = (
				en,
				Base,
				de,
			);
			mainGroup = 2B77CA1F2721EAE200D635C2;
			productRefGroup = 2B77CA292721EAE200D635C2 /* Products */;
			projectDirPath = "";
			projectRoot = "";
			targets = (
				2B77CA272721EAE200D635C2 /* WHOA */,
				2B4A84C62723642100305F20 /* WHOAiPad */,
			);
		};
/* End PBXProject section */

/* Begin PBXResourcesBuildPhase section */
		2B4A84C52723642100305F20 /* Resources */ = {
			isa = PBXResourcesBuildPhase;
			buildActionMask = 2147483647;
			files = (
				2B4A84CE2723642100305F20 /* Assets.xcassets in Resources */,
				2B122C13272743EB00BB2C36 /* Localizable.strings in Resources */,
			);
			runOnlyForDeploymentPostprocessing = 0;
		};
		2B77CA262721EAE200D635C2 /* Resources */ = {
			isa = PBXResourcesBuildPhase;
			buildActionMask = 2147483647;
			files = (
				2B77CA332721EAE300D635C2 /* Preview Assets.xcassets in Resources */,
				2B122C12272743EB00BB2C36 /* Localizable.strings in Resources */,
				2B77CA302721EAE300D635C2 /* Assets.xcassets in Resources */,
			);
			runOnlyForDeploymentPostprocessing = 0;
		};
/* End PBXResourcesBuildPhase section */

/* Begin PBXSourcesBuildPhase section */
		2B4A84C32723642100305F20 /* Sources */ = {
			isa = PBXSourcesBuildPhase;
			buildActionMask = 2147483647;
			files = (
				2B4A84E32723648400305F20 /* PersonOverview.swift in Sources */,
				2B4A84E42723648400305F20 /* PersonHourEntries.swift in Sources */,
				2B4A84E62723648400305F20 /* PersonList.swift in Sources */,
				2B4A84DC2723647C00305F20 /* HourEntry+CoreDataClass.swift in Sources */,
				2B4A84E22723648400305F20 /* PersonEditor.swift in Sources */,
				2B4A84EA2723717B00305F20 /* PersonListEntry.swift in Sources */,
				2B6A475027273EFA0045B765 /* TimeIntervalFormatter.swift in Sources */,
				2B6A474D27273D960045B765 /* TimeIntervalEditField.swift in Sources */,
				2B4A84CA2723642100305F20 /* HourMeteriPadApp.swift in Sources */,
				2B4A84DD2723647C00305F20 /* Person+CoreDataClass.swift in Sources */,
				2B4A84DE2723647C00305F20 /* Persistence.swift in Sources */,
				2B4A84DF2723647C00305F20 /* HourEntry+CoreDataProperties.swift in Sources */,
				2B4A84E12723648100305F20 /* ContentView.swift in Sources */,
				2B4A84E02723648100305F20 /* DateExtensions.swift in Sources */,
				2B4A84DA2723647900305F20 /* HourMeter.xcdatamodeld in Sources */,
				2B4A84DB2723647C00305F20 /* Person+CoreDataProperties.swift in Sources */,
				2B4A84E72723648400305F20 /* HourEntryEditor.swift in Sources */,
				2B4A84E52723648400305F20 /* PersonMetaInfo.swift in Sources */,
			);
			runOnlyForDeploymentPostprocessing = 0;
		};
		2B77CA242721EAE200D635C2 /* Sources */ = {
			isa = PBXSourcesBuildPhase;
			buildActionMask = 2147483647;
			files = (
				2B77CA4E2721F43F00D635C2 /* HourEntry+CoreDataClass.swift in Sources */,
				2B77CA57272203F600D635C2 /* PersonEditor.swift in Sources */,
				2B77CA462721EF1300D635C2 /* PersonHourEntries.swift in Sources */,
				2B77CA352721EAE300D635C2 /* Persistence.swift in Sources */,
				2B77CA4F2721F43F00D635C2 /* HourEntry+CoreDataProperties.swift in Sources */,
				2B4A84E92723717B00305F20 /* PersonListEntry.swift in Sources */,
				2B6A474F27273EFA0045B765 /* TimeIntervalFormatter.swift in Sources */,
				2B6A474C27273D960045B765 /* TimeIntervalEditField.swift in Sources */,
				2B77CA402721EC4500D635C2 /* DateExtensions.swift in Sources */,
				2B77CA532721FBAA00D635C2 /* PersonMetaInfo.swift in Sources */,
				2B77CA55272201A700D635C2 /* PersonOverview.swift in Sources */,
				2B77CA382721EAE300D635C2 /* HourMeter.xcdatamodeld in Sources */,
				2B77CA4C2721F43F00D635C2 /* Person+CoreDataClass.swift in Sources */,
				2B77CA4D2721F43F00D635C2 /* Person+CoreDataProperties.swift in Sources */,
				2B77CA2E2721EAE200D635C2 /* ContentView.swift in Sources */,
				2B77CA2C2721EAE200D635C2 /* HourMeterApp.swift in Sources */,
				2B77CA5927220B0800D635C2 /* HourEntryEditor.swift in Sources */,
				2B77CA442721ED3400D635C2 /* PersonList.swift in Sources */,
			);
			runOnlyForDeploymentPostprocessing = 0;
		};
/* End PBXSourcesBuildPhase section */

/* Begin PBXVariantGroup section */
		2B122C15272743EB00BB2C36 /* Localizable.strings */ = {
			isa = PBXVariantGroup;
			children = (
				2B122C14272743EB00BB2C36 /* en */,
				2B122C16272743F200BB2C36 /* de */,
			);
			name = Localizable.strings;
			sourceTree = "<group>";
		};
/* End PBXVariantGroup section */

/* Begin XCBuildConfiguration section */
		2B4A84D72723642100305F20 /* Debug */ = {
			isa = XCBuildConfiguration;
			buildSettings = {
				ASSETCATALOG_COMPILER_APPICON_NAME = AppIcon;
				ASSETCATALOG_COMPILER_GLOBAL_ACCENT_COLOR_NAME = AccentColor;
				CODE_SIGN_STYLE = Automatic;
				CURRENT_PROJECT_VERSION = 2;
				DEVELOPMENT_ASSET_PATHS = "\"WHOA/Preview Content\"";
				DEVELOPMENT_TEAM = FL4V655A94;
				ENABLE_PREVIEWS = YES;
				GENERATE_INFOPLIST_FILE = YES;
				INFOPLIST_FILE = "WHOAiPad-Info.plist";
				INFOPLIST_KEY_CFBundleDisplayName = WHOA;
				INFOPLIST_KEY_UIApplicationSupportsIndirectInputEvents = YES;
				INFOPLIST_KEY_UILaunchScreen_Generation = YES;
				INFOPLIST_KEY_UISupportedInterfaceOrientations_iPad = "UIInterfaceOrientationPortrait UIInterfaceOrientationPortraitUpsideDown UIInterfaceOrientationLandscapeLeft UIInterfaceOrientationLandscapeRight";
				INFOPLIST_KEY_UISupportedInterfaceOrientations_iPhone = "UIInterfaceOrientationPortrait UIInterfaceOrientationLandscapeLeft UIInterfaceOrientationLandscapeRight";
				IPHONEOS_DEPLOYMENT_TARGET = 15.0;
				LD_RUNPATH_SEARCH_PATHS = (
					"$(inherited)",
					"@executable_path/Frameworks",
				);
				MARKETING_VERSION = 1.0;
				PRODUCT_BUNDLE_IDENTIFIER = org.breakthesystem.whoa;
				PRODUCT_NAME = WHOA;
				SDKROOT = iphoneos;
				SWIFT_EMIT_LOC_STRINGS = YES;
				SWIFT_VERSION = 5.0;
				TARGETED_DEVICE_FAMILY = "1,2";
			};
			name = Debug;
		};
		2B4A84D82723642100305F20 /* Release */ = {
			isa = XCBuildConfiguration;
			buildSettings = {
				ASSETCATALOG_COMPILER_APPICON_NAME = AppIcon;
				ASSETCATALOG_COMPILER_GLOBAL_ACCENT_COLOR_NAME = AccentColor;
				CODE_SIGN_STYLE = Automatic;
				CURRENT_PROJECT_VERSION = 2;
				DEVELOPMENT_ASSET_PATHS = "\"WHOA/Preview Content\"";
				DEVELOPMENT_TEAM = FL4V655A94;
				ENABLE_PREVIEWS = YES;
				GENERATE_INFOPLIST_FILE = YES;
				INFOPLIST_FILE = "WHOAiPad-Info.plist";
				INFOPLIST_KEY_CFBundleDisplayName = WHOA;
				INFOPLIST_KEY_UIApplicationSupportsIndirectInputEvents = YES;
				INFOPLIST_KEY_UILaunchScreen_Generation = YES;
				INFOPLIST_KEY_UISupportedInterfaceOrientations_iPad = "UIInterfaceOrientationPortrait UIInterfaceOrientationPortraitUpsideDown UIInterfaceOrientationLandscapeLeft UIInterfaceOrientationLandscapeRight";
				INFOPLIST_KEY_UISupportedInterfaceOrientations_iPhone = "UIInterfaceOrientationPortrait UIInterfaceOrientationLandscapeLeft UIInterfaceOrientationLandscapeRight";
				IPHONEOS_DEPLOYMENT_TARGET = 15.0;
				LD_RUNPATH_SEARCH_PATHS = (
					"$(inherited)",
					"@executable_path/Frameworks",
				);
				MARKETING_VERSION = 1.0;
				PRODUCT_BUNDLE_IDENTIFIER = org.breakthesystem.whoa;
				PRODUCT_NAME = WHOA;
				SDKROOT = iphoneos;
				SWIFT_EMIT_LOC_STRINGS = YES;
				SWIFT_VERSION = 5.0;
				TARGETED_DEVICE_FAMILY = "1,2";
				VALIDATE_PRODUCT = YES;
			};
			name = Release;
		};
		2B77CA3A2721EAE300D635C2 /* Debug */ = {
			isa = XCBuildConfiguration;
			buildSettings = {
				ALWAYS_SEARCH_USER_PATHS = NO;
				CLANG_ANALYZER_NONNULL = YES;
				CLANG_ANALYZER_NUMBER_OBJECT_CONVERSION = YES_AGGRESSIVE;
				CLANG_CXX_LANGUAGE_STANDARD = "gnu++17";
				CLANG_CXX_LIBRARY = "libc++";
				CLANG_ENABLE_MODULES = YES;
				CLANG_ENABLE_OBJC_ARC = YES;
				CLANG_ENABLE_OBJC_WEAK = YES;
				CLANG_WARN_BLOCK_CAPTURE_AUTORELEASING = YES;
				CLANG_WARN_BOOL_CONVERSION = YES;
				CLANG_WARN_COMMA = YES;
				CLANG_WARN_CONSTANT_CONVERSION = YES;
				CLANG_WARN_DEPRECATED_OBJC_IMPLEMENTATIONS = YES;
				CLANG_WARN_DIRECT_OBJC_ISA_USAGE = YES_ERROR;
				CLANG_WARN_DOCUMENTATION_COMMENTS = YES;
				CLANG_WARN_EMPTY_BODY = YES;
				CLANG_WARN_ENUM_CONVERSION = YES;
				CLANG_WARN_INFINITE_RECURSION = YES;
				CLANG_WARN_INT_CONVERSION = YES;
				CLANG_WARN_NON_LITERAL_NULL_CONVERSION = YES;
				CLANG_WARN_OBJC_IMPLICIT_RETAIN_SELF = YES;
				CLANG_WARN_OBJC_LITERAL_CONVERSION = YES;
				CLANG_WARN_OBJC_ROOT_CLASS = YES_ERROR;
				CLANG_WARN_QUOTED_INCLUDE_IN_FRAMEWORK_HEADER = YES;
				CLANG_WARN_RANGE_LOOP_ANALYSIS = YES;
				CLANG_WARN_STRICT_PROTOTYPES = YES;
				CLANG_WARN_SUSPICIOUS_MOVE = YES;
				CLANG_WARN_UNGUARDED_AVAILABILITY = YES_AGGRESSIVE;
				CLANG_WARN_UNREACHABLE_CODE = YES;
				CLANG_WARN__DUPLICATE_METHOD_MATCH = YES;
				COPY_PHASE_STRIP = NO;
				DEBUG_INFORMATION_FORMAT = dwarf;
				ENABLE_STRICT_OBJC_MSGSEND = YES;
				ENABLE_TESTABILITY = YES;
				GCC_C_LANGUAGE_STANDARD = gnu11;
				GCC_DYNAMIC_NO_PIC = NO;
				GCC_NO_COMMON_BLOCKS = YES;
				GCC_OPTIMIZATION_LEVEL = 0;
				GCC_PREPROCESSOR_DEFINITIONS = (
					"DEBUG=1",
					"$(inherited)",
				);
				GCC_WARN_64_TO_32_BIT_CONVERSION = YES;
				GCC_WARN_ABOUT_RETURN_TYPE = YES_ERROR;
				GCC_WARN_UNDECLARED_SELECTOR = YES;
				GCC_WARN_UNINITIALIZED_AUTOS = YES_AGGRESSIVE;
				GCC_WARN_UNUSED_FUNCTION = YES;
				GCC_WARN_UNUSED_VARIABLE = YES;
				MACOSX_DEPLOYMENT_TARGET = 12.0;
				MTL_ENABLE_DEBUG_INFO = INCLUDE_SOURCE;
				MTL_FAST_MATH = YES;
				ONLY_ACTIVE_ARCH = YES;
				SDKROOT = macosx;
				SWIFT_ACTIVE_COMPILATION_CONDITIONS = DEBUG;
				SWIFT_OPTIMIZATION_LEVEL = "-Onone";
			};
			name = Debug;
		};
		2B77CA3B2721EAE300D635C2 /* Release */ = {
			isa = XCBuildConfiguration;
			buildSettings = {
				ALWAYS_SEARCH_USER_PATHS = NO;
				CLANG_ANALYZER_NONNULL = YES;
				CLANG_ANALYZER_NUMBER_OBJECT_CONVERSION = YES_AGGRESSIVE;
				CLANG_CXX_LANGUAGE_STANDARD = "gnu++17";
				CLANG_CXX_LIBRARY = "libc++";
				CLANG_ENABLE_MODULES = YES;
				CLANG_ENABLE_OBJC_ARC = YES;
				CLANG_ENABLE_OBJC_WEAK = YES;
				CLANG_WARN_BLOCK_CAPTURE_AUTORELEASING = YES;
				CLANG_WARN_BOOL_CONVERSION = YES;
				CLANG_WARN_COMMA = YES;
				CLANG_WARN_CONSTANT_CONVERSION = YES;
				CLANG_WARN_DEPRECATED_OBJC_IMPLEMENTATIONS = YES;
				CLANG_WARN_DIRECT_OBJC_ISA_USAGE = YES_ERROR;
				CLANG_WARN_DOCUMENTATION_COMMENTS = YES;
				CLANG_WARN_EMPTY_BODY = YES;
				CLANG_WARN_ENUM_CONVERSION = YES;
				CLANG_WARN_INFINITE_RECURSION = YES;
				CLANG_WARN_INT_CONVERSION = YES;
				CLANG_WARN_NON_LITERAL_NULL_CONVERSION = YES;
				CLANG_WARN_OBJC_IMPLICIT_RETAIN_SELF = YES;
				CLANG_WARN_OBJC_LITERAL_CONVERSION = YES;
				CLANG_WARN_OBJC_ROOT_CLASS = YES_ERROR;
				CLANG_WARN_QUOTED_INCLUDE_IN_FRAMEWORK_HEADER = YES;
				CLANG_WARN_RANGE_LOOP_ANALYSIS = YES;
				CLANG_WARN_STRICT_PROTOTYPES = YES;
				CLANG_WARN_SUSPICIOUS_MOVE = YES;
				CLANG_WARN_UNGUARDED_AVAILABILITY = YES_AGGRESSIVE;
				CLANG_WARN_UNREACHABLE_CODE = YES;
				CLANG_WARN__DUPLICATE_METHOD_MATCH = YES;
				COPY_PHASE_STRIP = NO;
				DEBUG_INFORMATION_FORMAT = "dwarf-with-dsym";
				ENABLE_NS_ASSERTIONS = NO;
				ENABLE_STRICT_OBJC_MSGSEND = YES;
				GCC_C_LANGUAGE_STANDARD = gnu11;
				GCC_NO_COMMON_BLOCKS = YES;
				GCC_WARN_64_TO_32_BIT_CONVERSION = YES;
				GCC_WARN_ABOUT_RETURN_TYPE = YES_ERROR;
				GCC_WARN_UNDECLARED_SELECTOR = YES;
				GCC_WARN_UNINITIALIZED_AUTOS = YES_AGGRESSIVE;
				GCC_WARN_UNUSED_FUNCTION = YES;
				GCC_WARN_UNUSED_VARIABLE = YES;
				MACOSX_DEPLOYMENT_TARGET = 12.0;
				MTL_ENABLE_DEBUG_INFO = NO;
				MTL_FAST_MATH = YES;
				SDKROOT = macosx;
				SWIFT_COMPILATION_MODE = wholemodule;
				SWIFT_OPTIMIZATION_LEVEL = "-O";
			};
			name = Release;
		};
		2B77CA3D2721EAE300D635C2 /* Debug */ = {
			isa = XCBuildConfiguration;
			buildSettings = {
				ASSETCATALOG_COMPILER_APPICON_NAME = AppIcon;
				ASSETCATALOG_COMPILER_GLOBAL_ACCENT_COLOR_NAME = AccentColor;
				CODE_SIGN_ENTITLEMENTS = HourMeter/HourMeter.entitlements;
				CODE_SIGN_STYLE = Automatic;
				COMBINE_HIDPI_IMAGES = YES;
				CURRENT_PROJECT_VERSION = 1;
				DEVELOPMENT_ASSET_PATHS = "\"HourMeter/Preview Content\"";
				DEVELOPMENT_TEAM = "";
				ENABLE_HARDENED_RUNTIME = YES;
				ENABLE_PREVIEWS = YES;
				GENERATE_INFOPLIST_FILE = YES;
				INFOPLIST_KEY_NSHumanReadableCopyright = "";
				LD_RUNPATH_SEARCH_PATHS = (
					"$(inherited)",
					"@executable_path/../Frameworks",
				);
				MARKETING_VERSION = 1.0;
				PRODUCT_BUNDLE_IDENTIFIER = org.breakthesystem.HourMeter;
				PRODUCT_NAME = "$(TARGET_NAME)";
				SWIFT_EMIT_LOC_STRINGS = YES;
				SWIFT_VERSION = 5.0;
			};
			name = Debug;
		};
		2B77CA3E2721EAE300D635C2 /* Release */ = {
			isa = XCBuildConfiguration;
			buildSettings = {
				ASSETCATALOG_COMPILER_APPICON_NAME = AppIcon;
				ASSETCATALOG_COMPILER_GLOBAL_ACCENT_COLOR_NAME = AccentColor;
				CODE_SIGN_ENTITLEMENTS = HourMeter/HourMeter.entitlements;
				CODE_SIGN_STYLE = Automatic;
				COMBINE_HIDPI_IMAGES = YES;
				CURRENT_PROJECT_VERSION = 1;
				DEVELOPMENT_ASSET_PATHS = "\"HourMeter/Preview Content\"";
				DEVELOPMENT_TEAM = "";
				ENABLE_HARDENED_RUNTIME = YES;
				ENABLE_PREVIEWS = YES;
				GENERATE_INFOPLIST_FILE = YES;
				INFOPLIST_KEY_NSHumanReadableCopyright = "";
				LD_RUNPATH_SEARCH_PATHS = (
					"$(inherited)",
					"@executable_path/../Frameworks",
				);
				MARKETING_VERSION = 1.0;
				PRODUCT_BUNDLE_IDENTIFIER = org.breakthesystem.HourMeter;
				PRODUCT_NAME = "$(TARGET_NAME)";
				SWIFT_EMIT_LOC_STRINGS = YES;
				SWIFT_VERSION = 5.0;
			};
			name = Release;
		};
/* End XCBuildConfiguration section */

/* Begin XCConfigurationList section */
		2B4A84D92723642100305F20 /* Build configuration list for PBXNativeTarget "WHOAiPad" */ = {
			isa = XCConfigurationList;
			buildConfigurations = (
				2B4A84D72723642100305F20 /* Debug */,
				2B4A84D82723642100305F20 /* Release */,
			);
			defaultConfigurationIsVisible = 0;
			defaultConfigurationName = Release;
		};
		2B77CA232721EAE200D635C2 /* Build configuration list for PBXProject "WHOA" */ = {
			isa = XCConfigurationList;
			buildConfigurations = (
				2B77CA3A2721EAE300D635C2 /* Debug */,
				2B77CA3B2721EAE300D635C2 /* Release */,
			);
			defaultConfigurationIsVisible = 0;
			defaultConfigurationName = Release;
		};
		2B77CA3C2721EAE300D635C2 /* Build configuration list for PBXNativeTarget "WHOA" */ = {
			isa = XCConfigurationList;
			buildConfigurations = (
				2B77CA3D2721EAE300D635C2 /* Debug */,
				2B77CA3E2721EAE300D635C2 /* Release */,
			);
			defaultConfigurationIsVisible = 0;
			defaultConfigurationName = Release;
		};
/* End XCConfigurationList section */

/* Begin XCVersionGroup section */
		2B77CA362721EAE300D635C2 /* HourMeter.xcdatamodeld */ = {
			isa = XCVersionGroup;
			children = (
				2B77CA372721EAE300D635C2 /* HourMeter.xcdatamodel */,
			);
			currentVersion = 2B77CA372721EAE300D635C2 /* HourMeter.xcdatamodel */;
			path = HourMeter.xcdatamodeld;
			sourceTree = "<group>";
			versionGroupType = wrapper.xcdatamodel;
		};
/* End XCVersionGroup section */
	};
	rootObject = 2B77CA202721EAE200D635C2 /* Project object */;
}
